
Microsoft Visual Studio Solution File, Format Version 12.00
# Visual Studio Version 17
VisualStudioVersion = 17.4.33213.308
MinimumVisualStudioVersion = 10.0.40219.1
Project("{FAE04EC0-301F-11D3-BF4B-00C04F79EFBC}") = "task2", "task2.csproj", "{6A442B61-C2B4-40BD-9BCA-F12E8BC2B5CA}"
EndProject
Global
	GlobalSection(SolutionConfigurationPlatforms) = preSolution
		Debug|Any CPU = Debug|Any CPU
		Release|Any CPU = Release|Any CPU
	EndGlobalSection
	GlobalSection(ProjectConfigurationPlatforms) = postSolution
		{6A442B61-C2B4-40BD-9BCA-F12E8BC2B5CA}.Debug|Any CPU.ActiveCfg = Debug|Any CPU
		{6A442B61-C2B4-40BD-9BCA-F12E8BC2B5CA}.Debug|Any CPU.Build.0 = Debug|Any CPU
		{6A442B61-C2B4-40BD-9BCA-F12E8BC2B5CA}.Release|Any CPU.ActiveCfg = Release|Any CPU
		{6A442B61-C2B4-40BD-9BCA-F12E8BC2B5CA}.Release|Any CPU.Build.0 = Release|Any CPU
	EndGlobalSection
	GlobalSection(SolutionProperties) = preSolution
		HideSolutionNode = FALSE
	EndGlobalSection
	GlobalSection(ExtensibilityGlobals) = postSolution
		SolutionGuid = {6C5E6C29-B623-4A00-AEA4-C5AB3CFB6BA3}
	EndGlobalSection
EndGlobal
